
Microsoft Visual Studio Solution File, Format Version 12.00
# Visual Studio Version 17
VisualStudioVersion = 17.13.35430.267 main
MinimumVisualStudioVersion = 10.0.40219.1
Project("{FAE04EC0-301F-11D3-BF4B-00C04F79EFBC}") = "ConsoleAppgithubpublic002", "ConsoleAppgithubpublic002\ConsoleAppgithubpublic002.csproj", "{F6423834-BB21-4569-AFC1-0E7758F172C8}"
EndProject
Global
	GlobalSection(SolutionConfigurationPlatforms) = preSolution
		Debug|Any CPU = Debug|Any CPU
		Release|Any CPU = Release|Any CPU
	EndGlobalSection
	GlobalSection(ProjectConfigurationPlatforms) = postSolution
		{F6423834-BB21-4569-AFC1-0E7758F172C8}.Debug|Any CPU.ActiveCfg = Debug|Any CPU
		{F6423834-BB21-4569-AFC1-0E7758F172C8}.Debug|Any CPU.Build.0 = Debug|Any CPU
		{F6423834-BB21-4569-AFC1-0E7758F172C8}.Release|Any CPU.ActiveCfg = Release|Any CPU
		{F6423834-BB21-4569-AFC1-0E7758F172C8}.Release|Any CPU.Build.0 = Release|Any CPU
	EndGlobalSection
	GlobalSection(SolutionProperties) = preSolution
		HideSolutionNode = FALSE
	EndGlobalSection
	GlobalSection(ExtensibilityGlobals) = postSolution
		SolutionGuid = {A97384F3-ABC1-4909-B838-0598445C1E47}
	EndGlobalSection
EndGlobal
